
Microsoft Visual Studio Solution File, Format Version 12.00
# Visual Studio 2013
VisualStudioVersion = 12.0.31101.0
MinimumVisualStudioVersion = 10.0.40219.1
Project("{FAE04EC0-301F-11D3-BF4B-00C04F79EFBC}") = "Trade24", "Trade24\Trade24.csproj", "{DA4068C1-69B8-4277-BD6B-2C514AFF786A}"
EndProject
Project("{FAE04EC0-301F-11D3-BF4B-00C04F79EFBC}") = "Trade24.DAL", "Trade24.DAL\Trade24.DAL.csproj", "{7F6FFD77-0E2F-4B06-AB99-DB4DDE92C766}"
EndProject
Global
	GlobalSection(SolutionConfigurationPlatforms) = preSolution
		Debug|Any CPU = Debug|Any CPU
		Release|Any CPU = Release|Any CPU
	EndGlobalSection
	GlobalSection(ProjectConfigurationPlatforms) = postSolution
		{DA4068C1-69B8-4277-BD6B-2C514AFF786A}.Debug|Any CPU.ActiveCfg = Debug|Any CPU
		{DA4068C1-69B8-4277-BD6B-2C514AFF786A}.Debug|Any CPU.Build.0 = Debug|Any CPU
		{DA4068C1-69B8-4277-BD6B-2C514AFF786A}.Release|Any CPU.ActiveCfg = Release|Any CPU
		{DA4068C1-69B8-4277-BD6B-2C514AFF786A}.Release|Any CPU.Build.0 = Release|Any CPU
		{7F6FFD77-0E2F-4B06-AB99-DB4DDE92C766}.Debug|Any CPU.ActiveCfg = Debug|Any CPU
		{7F6FFD77-0E2F-4B06-AB99-DB4DDE92C766}.Debug|Any CPU.Build.0 = Debug|Any CPU
		{7F6FFD77-0E2F-4B06-AB99-DB4DDE92C766}.Release|Any CPU.ActiveCfg = Release|Any CPU
		{7F6FFD77-0E2F-4B06-AB99-DB4DDE92C766}.Release|Any CPU.Build.0 = Release|Any CPU
	EndGlobalSection
	GlobalSection(SolutionProperties) = preSolution
		HideSolutionNode = FALSE
	EndGlobalSection
EndGlobal
